
Microsoft Visual Studio Solution File, Format Version 12.00
# Visual Studio Version 17
VisualStudioVersion = 17.7.34031.279
MinimumVisualStudioVersion = 10.0.40219.1
Project("{888888A0-9F3D-457C-B088-3A5042F75D52}") = "PythonTask6", "PythonTask6\PythonTask6.pyproj", "{3AF7D8C8-ED89-4520-A7E8-8061126DAF15}"
EndProject
Global
	GlobalSection(SolutionConfigurationPlatforms) = preSolution
		Debug|Any CPU = Debug|Any CPU
		Release|Any CPU = Release|Any CPU
	EndGlobalSection
	GlobalSection(ProjectConfigurationPlatforms) = postSolution
		{3AF7D8C8-ED89-4520-A7E8-8061126DAF15}.Debug|Any CPU.ActiveCfg = Debug|Any CPU
		{3AF7D8C8-ED89-4520-A7E8-8061126DAF15}.Release|Any CPU.ActiveCfg = Release|Any CPU
	EndGlobalSection
	GlobalSection(SolutionProperties) = preSolution
		HideSolutionNode = FALSE
	EndGlobalSection
	GlobalSection(ExtensibilityGlobals) = postSolution
		SolutionGuid = {DD07AA50-3E6A-43CD-9481-0358E765C589}
	EndGlobalSection
EndGlobal
