
Microsoft Visual Studio Solution File, Format Version 12.00
# Visual Studio Version 17
VisualStudioVersion = 17.7.34031.279
MinimumVisualStudioVersion = 10.0.40219.1
Project("{888888A0-9F3D-457C-B088-3A5042F75D52}") = "PythonTask13", "PythonTask13\PythonTask13.pyproj", "{031B6579-E5F9-420A-A925-027A72C5EC2D}"
EndProject
Global
	GlobalSection(SolutionConfigurationPlatforms) = preSolution
		Debug|Any CPU = Debug|Any CPU
		Release|Any CPU = Release|Any CPU
	EndGlobalSection
	GlobalSection(ProjectConfigurationPlatforms) = postSolution
		{031B6579-E5F9-420A-A925-027A72C5EC2D}.Debug|Any CPU.ActiveCfg = Debug|Any CPU
		{031B6579-E5F9-420A-A925-027A72C5EC2D}.Release|Any CPU.ActiveCfg = Release|Any CPU
	EndGlobalSection
	GlobalSection(SolutionProperties) = preSolution
		HideSolutionNode = FALSE
	EndGlobalSection
	GlobalSection(ExtensibilityGlobals) = postSolution
		SolutionGuid = {FEE43938-1500-406A-A9F8-C422EE79BC2B}
	EndGlobalSection
EndGlobal
