
Microsoft Visual Studio Solution File, Format Version 12.00
# Visual Studio Version 17
VisualStudioVersion = 17.7.34031.279
MinimumVisualStudioVersion = 10.0.40219.1
Project("{888888A0-9F3D-457C-B088-3A5042F75D52}") = "PythonHomeTask5", "PythonHomeTask5\PythonHomeTask5.pyproj", "{C4B87FD8-F769-4B0C-B37A-189B459FCA47}"
EndProject
Global
	GlobalSection(SolutionConfigurationPlatforms) = preSolution
		Debug|Any CPU = Debug|Any CPU
		Release|Any CPU = Release|Any CPU
	EndGlobalSection
	GlobalSection(ProjectConfigurationPlatforms) = postSolution
		{C4B87FD8-F769-4B0C-B37A-189B459FCA47}.Debug|Any CPU.ActiveCfg = Debug|Any CPU
		{C4B87FD8-F769-4B0C-B37A-189B459FCA47}.Release|Any CPU.ActiveCfg = Release|Any CPU
	EndGlobalSection
	GlobalSection(SolutionProperties) = preSolution
		HideSolutionNode = FALSE
	EndGlobalSection
	GlobalSection(ExtensibilityGlobals) = postSolution
		SolutionGuid = {DC10F803-5D37-409F-BF09-65364DE80553}
	EndGlobalSection
EndGlobal
