
Microsoft Visual Studio Solution File, Format Version 12.00
# Visual Studio Version 17
VisualStudioVersion = 17.7.34031.279
MinimumVisualStudioVersion = 10.0.40219.1
Project("{888888A0-9F3D-457C-B088-3A5042F75D52}") = "PythonTask8", "PythonTask8\PythonTask8.pyproj", "{62334E5C-83EA-4756-88CB-134C29988328}"
EndProject
Global
	GlobalSection(SolutionConfigurationPlatforms) = preSolution
		Debug|Any CPU = Debug|Any CPU
		Release|Any CPU = Release|Any CPU
	EndGlobalSection
	GlobalSection(ProjectConfigurationPlatforms) = postSolution
		{62334E5C-83EA-4756-88CB-134C29988328}.Debug|Any CPU.ActiveCfg = Debug|Any CPU
		{62334E5C-83EA-4756-88CB-134C29988328}.Release|Any CPU.ActiveCfg = Release|Any CPU
	EndGlobalSection
	GlobalSection(SolutionProperties) = preSolution
		HideSolutionNode = FALSE
	EndGlobalSection
	GlobalSection(ExtensibilityGlobals) = postSolution
		SolutionGuid = {3A30DF6F-1017-44F1-905B-593C18EA12B0}
	EndGlobalSection
EndGlobal
