
Microsoft Visual Studio Solution File, Format Version 12.00
# Visual Studio Version 17
VisualStudioVersion = 17.7.34031.279
MinimumVisualStudioVersion = 10.0.40219.1
Project("{888888A0-9F3D-457C-B088-3A5042F75D52}") = "PythonTask4", "PythonTask4\PythonTask4.pyproj", "{649FE90C-801F-4C2D-9074-A558A9552E62}"
EndProject
Global
	GlobalSection(SolutionConfigurationPlatforms) = preSolution
		Debug|Any CPU = Debug|Any CPU
		Release|Any CPU = Release|Any CPU
	EndGlobalSection
	GlobalSection(ProjectConfigurationPlatforms) = postSolution
		{649FE90C-801F-4C2D-9074-A558A9552E62}.Debug|Any CPU.ActiveCfg = Debug|Any CPU
		{649FE90C-801F-4C2D-9074-A558A9552E62}.Release|Any CPU.ActiveCfg = Release|Any CPU
	EndGlobalSection
	GlobalSection(SolutionProperties) = preSolution
		HideSolutionNode = FALSE
	EndGlobalSection
	GlobalSection(ExtensibilityGlobals) = postSolution
		SolutionGuid = {5BE2F8D8-C4D4-460C-B17B-845C942BB849}
	EndGlobalSection
EndGlobal
