
Microsoft Visual Studio Solution File, Format Version 12.00
# Visual Studio Version 17
VisualStudioVersion = 17.11.35219.272
MinimumVisualStudioVersion = 10.0.40219.1
Project("{FAE04EC0-301F-11D3-BF4B-00C04F79EFBC}") = "Ado.NET_Task1", "Ado.NET_Task1\Ado.NET_Task1.csproj", "{DBD1DEFD-5ECC-4477-8ED2-10E041DD5A46}"
EndProject
Global
	GlobalSection(SolutionConfigurationPlatforms) = preSolution
		Debug|Any CPU = Debug|Any CPU
		Release|Any CPU = Release|Any CPU
	EndGlobalSection
	GlobalSection(ProjectConfigurationPlatforms) = postSolution
		{DBD1DEFD-5ECC-4477-8ED2-10E041DD5A46}.Debug|Any CPU.ActiveCfg = Debug|Any CPU
		{DBD1DEFD-5ECC-4477-8ED2-10E041DD5A46}.Debug|Any CPU.Build.0 = Debug|Any CPU
		{DBD1DEFD-5ECC-4477-8ED2-10E041DD5A46}.Release|Any CPU.ActiveCfg = Release|Any CPU
		{DBD1DEFD-5ECC-4477-8ED2-10E041DD5A46}.Release|Any CPU.Build.0 = Release|Any CPU
	EndGlobalSection
	GlobalSection(SolutionProperties) = preSolution
		HideSolutionNode = FALSE
	EndGlobalSection
	GlobalSection(ExtensibilityGlobals) = postSolution
		SolutionGuid = {4C50D92F-42D8-4B0F-B7FA-AFC30B5A9FD4}
	EndGlobalSection
EndGlobal
