
Microsoft Visual Studio Solution File, Format Version 12.00
# Visual Studio Version 17
VisualStudioVersion = 17.11.35219.272
MinimumVisualStudioVersion = 10.0.40219.1
Project("{FAE04EC0-301F-11D3-BF4B-00C04F79EFBC}") = "CsTask1", "CsTask1\CsTask1.csproj", "{9CB10AA4-CCE4-45C2-907A-D3321F0A9677}"
EndProject
Global
	GlobalSection(SolutionConfigurationPlatforms) = preSolution
		Debug|Any CPU = Debug|Any CPU
		Release|Any CPU = Release|Any CPU
	EndGlobalSection
	GlobalSection(ProjectConfigurationPlatforms) = postSolution
		{9CB10AA4-CCE4-45C2-907A-D3321F0A9677}.Debug|Any CPU.ActiveCfg = Debug|Any CPU
		{9CB10AA4-CCE4-45C2-907A-D3321F0A9677}.Debug|Any CPU.Build.0 = Debug|Any CPU
		{9CB10AA4-CCE4-45C2-907A-D3321F0A9677}.Release|Any CPU.ActiveCfg = Release|Any CPU
		{9CB10AA4-CCE4-45C2-907A-D3321F0A9677}.Release|Any CPU.Build.0 = Release|Any CPU
	EndGlobalSection
	GlobalSection(SolutionProperties) = preSolution
		HideSolutionNode = FALSE
	EndGlobalSection
	GlobalSection(ExtensibilityGlobals) = postSolution
		SolutionGuid = {99D6F04B-674C-4779-B420-C1CEEA23D4C8}
	EndGlobalSection
EndGlobal
