
Microsoft Visual Studio Solution File, Format Version 12.00
# Visual Studio Version 17
VisualStudioVersion = 17.7.34031.279
MinimumVisualStudioVersion = 10.0.40219.1
Project("{888888A0-9F3D-457C-B088-3A5042F75D52}") = "PythonTask15", "PythonTask15\PythonTask15.pyproj", "{840AC3BF-3E12-4153-B81E-587014B7DCE5}"
EndProject
Global
	GlobalSection(SolutionConfigurationPlatforms) = preSolution
		Debug|Any CPU = Debug|Any CPU
		Release|Any CPU = Release|Any CPU
	EndGlobalSection
	GlobalSection(ProjectConfigurationPlatforms) = postSolution
		{840AC3BF-3E12-4153-B81E-587014B7DCE5}.Debug|Any CPU.ActiveCfg = Debug|Any CPU
		{840AC3BF-3E12-4153-B81E-587014B7DCE5}.Release|Any CPU.ActiveCfg = Release|Any CPU
	EndGlobalSection
	GlobalSection(SolutionProperties) = preSolution
		HideSolutionNode = FALSE
	EndGlobalSection
	GlobalSection(ExtensibilityGlobals) = postSolution
		SolutionGuid = {4C9209F4-6661-49FE-B80A-4CBF1C30CFA7}
	EndGlobalSection
EndGlobal
